<Solution>
  <Folder Name="/scr/" />
  <Folder Name="/scr/ApiGateways/">
    <Project Path="scr/ApiGateways/WebhookGateway/WebhookGateway.csproj" />
  </Folder>
  <Folder Name="/scr/BuildingBlocks/">
    <Project Path="scr/BuildingBlocks/BuildingBlocks/BuildingBlocks.csproj" Id="ff356a56-f9fc-40d5-a3a4-9754ef89ea16" />
  </Folder>
  <Folder Name="/scr/Services/" />
  <Project Path="docker-compose.dcproj">
    <Build />
  </Project>
</Solution>
